
Microsoft Visual Studio Solution File, Format Version 12.00
# Visual Studio Version 16
VisualStudioVersion = 16.0.29806.167
MinimumVisualStudioVersion = 10.0.40219.1
Project("{9A19103F-16F7-4668-BE54-9A1E7A4F7556}") = "Conduit.Web", "Conduit\Conduit.Web.csproj", "{9A42CBD2-2EC9-49B9-A47B-1616A496B42A}"
EndProject
Project("{2150E333-8FDC-42A3-9474-1A3956D46DE8}") = "src", "src", "{D853CC03-45FE-479D-944A-12BAB9729FE4}"
EndProject
Project("{9A19103F-16F7-4668-BE54-9A1E7A4F7556}") = "Conduit.ApplicationCore", "ApplicationCore\Conduit.ApplicationCore.csproj", "{1B1F17A5-8E08-4579-AB67-A76CE8A195EF}"
EndProject
Project("{9A19103F-16F7-4668-BE54-9A1E7A4F7556}") = "Conduit.Infrastructure", "Infrastructure\Conduit.Infrastructure.csproj", "{3A776848-AA2D-46BB-A0B6-141C55BBC4D7}"
EndProject
Project("{2150E333-8FDC-42A3-9474-1A3956D46DE8}") = "test", "test", "{69B5AE3C-B515-4A99-834D-0B299C189035}"
EndProject
Project("{9A19103F-16F7-4668-BE54-9A1E7A4F7556}") = "Conduit.Common", "Conduit.Common\Conduit.Common.csproj", "{A4DDA061-B295-411A-BE77-183874743E95}"
EndProject
Project("{2150E333-8FDC-42A3-9474-1A3956D46DE8}") = "Solution Items", "Solution Items", "{0B4DA670-E415-45C9-9918-94B95F39385C}"
	ProjectSection(SolutionItems) = preProject
		.editorconfig = .editorconfig
	EndProjectSection
EndProject
Global
	GlobalSection(SolutionConfigurationPlatforms) = preSolution
		Debug|Any CPU = Debug|Any CPU
		Release|Any CPU = Release|Any CPU
	EndGlobalSection
	GlobalSection(ProjectConfigurationPlatforms) = postSolution
		{9A42CBD2-2EC9-49B9-A47B-1616A496B42A}.Debug|Any CPU.ActiveCfg = Debug|Any CPU
		{9A42CBD2-2EC9-49B9-A47B-1616A496B42A}.Debug|Any CPU.Build.0 = Debug|Any CPU
		{9A42CBD2-2EC9-49B9-A47B-1616A496B42A}.Release|Any CPU.ActiveCfg = Release|Any CPU
		{9A42CBD2-2EC9-49B9-A47B-1616A496B42A}.Release|Any CPU.Build.0 = Release|Any CPU
		{1B1F17A5-8E08-4579-AB67-A76CE8A195EF}.Debug|Any CPU.ActiveCfg = Debug|Any CPU
		{1B1F17A5-8E08-4579-AB67-A76CE8A195EF}.Debug|Any CPU.Build.0 = Debug|Any CPU
		{1B1F17A5-8E08-4579-AB67-A76CE8A195EF}.Release|Any CPU.ActiveCfg = Release|Any CPU
		{1B1F17A5-8E08-4579-AB67-A76CE8A195EF}.Release|Any CPU.Build.0 = Release|Any CPU
		{3A776848-AA2D-46BB-A0B6-141C55BBC4D7}.Debug|Any CPU.ActiveCfg = Debug|Any CPU
		{3A776848-AA2D-46BB-A0B6-141C55BBC4D7}.Debug|Any CPU.Build.0 = Debug|Any CPU
		{3A776848-AA2D-46BB-A0B6-141C55BBC4D7}.Release|Any CPU.ActiveCfg = Release|Any CPU
		{3A776848-AA2D-46BB-A0B6-141C55BBC4D7}.Release|Any CPU.Build.0 = Release|Any CPU
		{A4DDA061-B295-411A-BE77-183874743E95}.Debug|Any CPU.ActiveCfg = Debug|Any CPU
		{A4DDA061-B295-411A-BE77-183874743E95}.Debug|Any CPU.Build.0 = Debug|Any CPU
		{A4DDA061-B295-411A-BE77-183874743E95}.Release|Any CPU.ActiveCfg = Release|Any CPU
		{A4DDA061-B295-411A-BE77-183874743E95}.Release|Any CPU.Build.0 = Release|Any CPU
	EndGlobalSection
	GlobalSection(SolutionProperties) = preSolution
		HideSolutionNode = FALSE
	EndGlobalSection
	GlobalSection(NestedProjects) = preSolution
		{9A42CBD2-2EC9-49B9-A47B-1616A496B42A} = {D853CC03-45FE-479D-944A-12BAB9729FE4}
		{1B1F17A5-8E08-4579-AB67-A76CE8A195EF} = {D853CC03-45FE-479D-944A-12BAB9729FE4}
		{3A776848-AA2D-46BB-A0B6-141C55BBC4D7} = {D853CC03-45FE-479D-944A-12BAB9729FE4}
		{A4DDA061-B295-411A-BE77-183874743E95} = {D853CC03-45FE-479D-944A-12BAB9729FE4}
	EndGlobalSection
	GlobalSection(ExtensibilityGlobals) = postSolution
		SolutionGuid = {0F53B2F3-E004-4E0B-B015-C065B7436AAF}
	EndGlobalSection
EndGlobal
